github.com/gen2brain/raylib-go v0.0.0-20191203131114-468adaa7ecc9 h1:pph8qWXQMd04I7HwNsUxPM28fYrJr9/9xAdEWdWsswg=
github.com/gen2brain/raylib-go v0.0.0-20191203131114-468adaa7ecc9/go.mod h1:LUVRDQbnxUaOgzLzW5lMS+IcbqlXHIqIA9wq8wxzmcA=
github.com/jakecoffman/cp v0.1.0 h1:sgSYEGUgfwiT447fRjloa2c5b6UyYP+7muR3gQK+Ep0=
github.com/jakecoffman/cp v0.1.0/go.mod h1:a3xPx9N8RyFAACD644t2dj/nK4SuLg1v+jL61m2yVo4=
